// !$*UTF8*$!
{
	archiveVersion = 1;
	classes = {
	};
	objectVersion = 50;
	objects = {

/* Begin PBXBuildFile section */
		1C89EFB72469884700C9BE93 /* Head.swift in Sources */ = {isa = PBXBuildFile; fileRef = 1C89EFB62469884700C9BE93 /* Head.swift */; };
		1C89EFB92469A20700C9BE93 /* ExerciseQualifier.swift in Sources */ = {isa = PBXBuildFile; fileRef = 1C89EFB82469A20700C9BE93 /* ExerciseQualifier.swift */; };
		6A4D0FECDB7C8E135C5FA76A /* Pods_RehabilitationAssistant.framework in Frameworks */ = {isa = PBXBuildFile; fileRef = F1BE7A967A9C3717F65E3CEC /* Pods_RehabilitationAssistant.framework */; };
		8C359FF724545CF5007DE5BC /* PoseNet.swift in Sources */ = {isa = PBXBuildFile; fileRef = 8C359FF624545CF5007DE5BC /* PoseNet.swift */; };
		8C359FF924545D2C007DE5BC /* PoseNetInput.swift in Sources */ = {isa = PBXBuildFile; fileRef = 8C359FF824545D2C007DE5BC /* PoseNetInput.swift */; };
		8C359FFB24545D35007DE5BC /* PoseNetOutput.swift in Sources */ = {isa = PBXBuildFile; fileRef = 8C359FFA24545D35007DE5BC /* PoseNetOutput.swift */; };
		8C359FFD24545DCD007DE5BC /* PoseNetMobileNet075S16FP16.mlmodel in Sources */ = {isa = PBXBuildFile; fileRef = 8C359FFC24545DCD007DE5BC /* PoseNetMobileNet075S16FP16.mlmodel */; };
		8C359FFF24546077007DE5BC /* Pose.swift in Sources */ = {isa = PBXBuildFile; fileRef = 8C359FFE24546077007DE5BC /* Pose.swift */; };
		8C35A00124546120007DE5BC /* Joint.swift in Sources */ = {isa = PBXBuildFile; fileRef = 8C35A00024546120007DE5BC /* Joint.swift */; };
		8C35A0052454649E007DE5BC /* CGPoint+Extension.swift in Sources */ = {isa = PBXBuildFile; fileRef = 8C35A0032454649D007DE5BC /* CGPoint+Extension.swift */; };
		8C35A0062454649E007DE5BC /* CGImage+Extension.swift in Sources */ = {isa = PBXBuildFile; fileRef = 8C35A0042454649D007DE5BC /* CGImage+Extension.swift */; };
		8C35A009245464FB007DE5BC /* PoseBuilder.swift in Sources */ = {isa = PBXBuildFile; fileRef = 8C35A008245464FB007DE5BC /* PoseBuilder.swift */; };
		8C35A00B24546542007DE5BC /* PoseBuilderConfiguration.swift in Sources */ = {isa = PBXBuildFile; fileRef = 8C35A00A24546542007DE5BC /* PoseBuilderConfiguration.swift */; };
		8C35A00D24546789007DE5BC /* PoseImageView.swift in Sources */ = {isa = PBXBuildFile; fileRef = 8C35A00C24546789007DE5BC /* PoseImageView.swift */; };
		8C35DFE1245089F900C7F83C /* ExercisesListView.swift in Sources */ = {isa = PBXBuildFile; fileRef = 8C35DFE0245089F900C7F83C /* ExercisesListView.swift */; };
		8C35DFE324508A6300C7F83C /* Exercise.swift in Sources */ = {isa = PBXBuildFile; fileRef = 8C35DFE224508A6300C7F83C /* Exercise.swift */; };
		8C35DFE52451B10000C7F83C /* TrainingViewManager.swift in Sources */ = {isa = PBXBuildFile; fileRef = 8C35DFE42451B10000C7F83C /* TrainingViewManager.swift */; };
		8C35DFE924522F9C00C7F83C /* AVCaptureVideoOrientation+Extension.swift in Sources */ = {isa = PBXBuildFile; fileRef = 8C35DFE724522F9C00C7F83C /* AVCaptureVideoOrientation+Extension.swift */; };
		8C35DFEA24522F9C00C7F83C /* VideoCapture.swift in Sources */ = {isa = PBXBuildFile; fileRef = 8C35DFE824522F9C00C7F83C /* VideoCapture.swift */; };
		8C35DFEE245234C300C7F83C /* CameraView.swift in Sources */ = {isa = PBXBuildFile; fileRef = 8C35DFED245234C300C7F83C /* CameraView.swift */; };
		8C35DFF224523A3500C7F83C /* PoseSmoother.swift in Sources */ = {isa = PBXBuildFile; fileRef = 8C35DFF124523A3500C7F83C /* PoseSmoother.swift */; };
		8C35DFF62453341A00C7F83C /* VisionController.swift in Sources */ = {isa = PBXBuildFile; fileRef = 8C35DFF52453341A00C7F83C /* VisionController.swift */; };
		8C3BEAB024659EDA0070F417 /* TrainingFinished.swift in Sources */ = {isa = PBXBuildFile; fileRef = 8C3BEAAF24659EDA0070F417 /* TrainingFinished.swift */; };
		8C427C8D244F27C800A61D51 /* TrainingsListView.swift in Sources */ = {isa = PBXBuildFile; fileRef = 8C427C8C244F27C800A61D51 /* TrainingsListView.swift */; };
		8C427C8F244F27DD00A61D51 /* HistoryView.swift in Sources */ = {isa = PBXBuildFile; fileRef = 8C427C8E244F27DD00A61D51 /* HistoryView.swift */; };
		8C427C91244F2E2100A61D51 /* Training.swift in Sources */ = {isa = PBXBuildFile; fileRef = 8C427C90244F2E2100A61D51 /* Training.swift */; };
		8C427CA0244F9E3700A61D51 /* TrainingMenuView.swift in Sources */ = {isa = PBXBuildFile; fileRef = 8C427C9F244F9E3700A61D51 /* TrainingMenuView.swift */; };
		8CA2FD66246825EA00AA8F89 /* ExerciseEstimator.swift in Sources */ = {isa = PBXBuildFile; fileRef = 8CA2FD65246825EA00AA8F89 /* ExerciseEstimator.swift */; };
		8CA2FD6824682D7E00AA8F89 /* HeadRelatedPose.swift in Sources */ = {isa = PBXBuildFile; fileRef = 8CA2FD6724682D7E00AA8F89 /* HeadRelatedPose.swift */; };
		8C50928A246C33A0001ED642 /* PoseNetMobileNet100S16FP16.mlmodel in Sources */ = {isa = PBXBuildFile; fileRef = 8C509289246C33A0001ED642 /* PoseNetMobileNet100S16FP16.mlmodel */; };
		8CA2FD5C246823CA00AA8F89 /* PoseCD+CoreDataClass.swift in Sources */ = {isa = PBXBuildFile; fileRef = 8CA2FD54246823CA00AA8F89 /* PoseCD+CoreDataClass.swift */; };
		8CA2FD5D246823CA00AA8F89 /* PoseCD+CoreDataProperties.swift in Sources */ = {isa = PBXBuildFile; fileRef = 8CA2FD55246823CA00AA8F89 /* PoseCD+CoreDataProperties.swift */; };
		8CA2FD5E246823CA00AA8F89 /* PositionCD+CoreDataClass.swift in Sources */ = {isa = PBXBuildFile; fileRef = 8CA2FD56246823CA00AA8F89 /* PositionCD+CoreDataClass.swift */; };
		8CA2FD5F246823CA00AA8F89 /* PositionCD+CoreDataProperties.swift in Sources */ = {isa = PBXBuildFile; fileRef = 8CA2FD57246823CA00AA8F89 /* PositionCD+CoreDataProperties.swift */; };
		8CA2FD60246823CA00AA8F89 /* TrainingCD+CoreDataClass.swift in Sources */ = {isa = PBXBuildFile; fileRef = 8CA2FD58246823CA00AA8F89 /* TrainingCD+CoreDataClass.swift */; };
		8CA2FD61246823CA00AA8F89 /* TrainingCD+CoreDataProperties.swift in Sources */ = {isa = PBXBuildFile; fileRef = 8CA2FD59246823CA00AA8F89 /* TrainingCD+CoreDataProperties.swift */; };
		8CA2FD62246823CA00AA8F89 /* ExerciseCD+CoreDataClass.swift in Sources */ = {isa = PBXBuildFile; fileRef = 8CA2FD5A246823CA00AA8F89 /* ExerciseCD+CoreDataClass.swift */; };
		8CA2FD63246823CA00AA8F89 /* ExerciseCD+CoreDataProperties.swift in Sources */ = {isa = PBXBuildFile; fileRef = 8CA2FD5B246823CA00AA8F89 /* ExerciseCD+CoreDataProperties.swift */; };
		8CA2FD66246825EA00AA8F89 /* Trainer.swift in Sources */ = {isa = PBXBuildFile; fileRef = 8CA2FD65246825EA00AA8F89 /* Trainer.swift */; };
		8CA2FD6824682D7E00AA8F89 /* SimplePose.swift in Sources */ = {isa = PBXBuildFile; fileRef = 8CA2FD6724682D7E00AA8F89 /* SimplePose.swift */; };
		8CC8AA4A2462D7EB00D07D25 /* CountdownView.swift in Sources */ = {isa = PBXBuildFile; fileRef = 8CC8AA492462D7EB00D07D25 /* CountdownView.swift */; };
		8CC8AA4C2462EE9600D07D25 /* TrainingView.swift in Sources */ = {isa = PBXBuildFile; fileRef = 8CC8AA4B2462EE9600D07D25 /* TrainingView.swift */; };
		8CC8AA4E2462FEFF00D07D25 /* TrainingViewModel.swift in Sources */ = {isa = PBXBuildFile; fileRef = 8CC8AA4D2462FEFF00D07D25 /* TrainingViewModel.swift */; };
		8CC8AA502462FF2700D07D25 /* ExerciseViewModel.swift in Sources */ = {isa = PBXBuildFile; fileRef = 8CC8AA4F2462FF2700D07D25 /* ExerciseViewModel.swift */; };
		8CF8A819244E3D3A004CB2C6 /* AppDelegate.swift in Sources */ = {isa = PBXBuildFile; fileRef = 8CF8A818244E3D3A004CB2C6 /* AppDelegate.swift */; };
		8CF8A81B244E3D3A004CB2C6 /* SceneDelegate.swift in Sources */ = {isa = PBXBuildFile; fileRef = 8CF8A81A244E3D3A004CB2C6 /* SceneDelegate.swift */; };
		8CF8A81D244E3D3A004CB2C6 /* ContentView.swift in Sources */ = {isa = PBXBuildFile; fileRef = 8CF8A81C244E3D3A004CB2C6 /* ContentView.swift */; };
		8CF8A81F244E3D3F004CB2C6 /* Assets.xcassets in Resources */ = {isa = PBXBuildFile; fileRef = 8CF8A81E244E3D3F004CB2C6 /* Assets.xcassets */; };
		8CF8A822244E3D3F004CB2C6 /* Preview Assets.xcassets in Resources */ = {isa = PBXBuildFile; fileRef = 8CF8A821244E3D3F004CB2C6 /* Preview Assets.xcassets */; };
		8CF8A825244E3D3F004CB2C6 /* LaunchScreen.storyboard in Resources */ = {isa = PBXBuildFile; fileRef = 8CF8A823244E3D3F004CB2C6 /* LaunchScreen.storyboard */; };
/* End PBXBuildFile section */

/* Begin PBXFileReference section */
		120039C90DB631C54B9A4654 /* Pods-RehabilitationAssistant.release.xcconfig */ = {isa = PBXFileReference; includeInIndex = 1; lastKnownFileType = text.xcconfig; name = "Pods-RehabilitationAssistant.release.xcconfig"; path = "Target Support Files/Pods-RehabilitationAssistant/Pods-RehabilitationAssistant.release.xcconfig"; sourceTree = "<group>"; };
		1C89EFB62469884700C9BE93 /* Head.swift */ = {isa = PBXFileReference; lastKnownFileType = sourcecode.swift; path = Head.swift; sourceTree = "<group>"; };
		1C89EFB82469A20700C9BE93 /* ExerciseQualifier.swift */ = {isa = PBXFileReference; lastKnownFileType = sourcecode.swift; path = ExerciseQualifier.swift; sourceTree = "<group>"; };
		7652E8DEC02657C85258082F /* Pods-RehabilitationAssistant.debug.xcconfig */ = {isa = PBXFileReference; includeInIndex = 1; lastKnownFileType = text.xcconfig; name = "Pods-RehabilitationAssistant.debug.xcconfig"; path = "Target Support Files/Pods-RehabilitationAssistant/Pods-RehabilitationAssistant.debug.xcconfig"; sourceTree = "<group>"; };
		8C359FF624545CF5007DE5BC /* PoseNet.swift */ = {isa = PBXFileReference; lastKnownFileType = sourcecode.swift; path = PoseNet.swift; sourceTree = "<group>"; };
		8C359FF824545D2C007DE5BC /* PoseNetInput.swift */ = {isa = PBXFileReference; lastKnownFileType = sourcecode.swift; path = PoseNetInput.swift; sourceTree = "<group>"; };
		8C359FFA24545D35007DE5BC /* PoseNetOutput.swift */ = {isa = PBXFileReference; lastKnownFileType = sourcecode.swift; path = PoseNetOutput.swift; sourceTree = "<group>"; };
		8C359FFC24545DCD007DE5BC /* PoseNetMobileNet075S16FP16.mlmodel */ = {isa = PBXFileReference; lastKnownFileType = file.mlmodel; path = PoseNetMobileNet075S16FP16.mlmodel; sourceTree = "<group>"; };
		8C359FFE24546077007DE5BC /* Pose.swift */ = {isa = PBXFileReference; lastKnownFileType = sourcecode.swift; path = Pose.swift; sourceTree = "<group>"; };
		8C35A00024546120007DE5BC /* Joint.swift */ = {isa = PBXFileReference; lastKnownFileType = sourcecode.swift; path = Joint.swift; sourceTree = "<group>"; };
		8C35A0032454649D007DE5BC /* CGPoint+Extension.swift */ = {isa = PBXFileReference; fileEncoding = 4; lastKnownFileType = sourcecode.swift; path = "CGPoint+Extension.swift"; sourceTree = "<group>"; };
		8C35A0042454649D007DE5BC /* CGImage+Extension.swift */ = {isa = PBXFileReference; fileEncoding = 4; lastKnownFileType = sourcecode.swift; path = "CGImage+Extension.swift"; sourceTree = "<group>"; };
		8C35A008245464FB007DE5BC /* PoseBuilder.swift */ = {isa = PBXFileReference; lastKnownFileType = sourcecode.swift; path = PoseBuilder.swift; sourceTree = "<group>"; };
		8C35A00A24546542007DE5BC /* PoseBuilderConfiguration.swift */ = {isa = PBXFileReference; lastKnownFileType = sourcecode.swift; path = PoseBuilderConfiguration.swift; sourceTree = "<group>"; };
		8C35A00C24546789007DE5BC /* PoseImageView.swift */ = {isa = PBXFileReference; lastKnownFileType = sourcecode.swift; path = PoseImageView.swift; sourceTree = "<group>"; };
		8C35DFE0245089F900C7F83C /* ExercisesListView.swift */ = {isa = PBXFileReference; lastKnownFileType = sourcecode.swift; path = ExercisesListView.swift; sourceTree = "<group>"; };
		8C35DFE224508A6300C7F83C /* Exercise.swift */ = {isa = PBXFileReference; lastKnownFileType = sourcecode.swift; path = Exercise.swift; sourceTree = "<group>"; };
		8C35DFE42451B10000C7F83C /* TrainingViewManager.swift */ = {isa = PBXFileReference; lastKnownFileType = sourcecode.swift; path = TrainingViewManager.swift; sourceTree = "<group>"; };
		8C35DFE724522F9C00C7F83C /* AVCaptureVideoOrientation+Extension.swift */ = {isa = PBXFileReference; fileEncoding = 4; lastKnownFileType = sourcecode.swift; path = "AVCaptureVideoOrientation+Extension.swift"; sourceTree = "<group>"; };
		8C35DFE824522F9C00C7F83C /* VideoCapture.swift */ = {isa = PBXFileReference; fileEncoding = 4; lastKnownFileType = sourcecode.swift; path = VideoCapture.swift; sourceTree = "<group>"; };
		8C35DFED245234C300C7F83C /* CameraView.swift */ = {isa = PBXFileReference; lastKnownFileType = sourcecode.swift; path = CameraView.swift; sourceTree = "<group>"; };
		8C35DFF124523A3500C7F83C /* PoseSmoother.swift */ = {isa = PBXFileReference; lastKnownFileType = sourcecode.swift; path = PoseSmoother.swift; sourceTree = "<group>"; };
		8C35DFF52453341A00C7F83C /* VisionController.swift */ = {isa = PBXFileReference; lastKnownFileType = sourcecode.swift; path = VisionController.swift; sourceTree = "<group>"; };
		8C3BEAAF24659EDA0070F417 /* TrainingFinished.swift */ = {isa = PBXFileReference; lastKnownFileType = sourcecode.swift; path = TrainingFinished.swift; sourceTree = "<group>"; };
		8C427C8C244F27C800A61D51 /* TrainingsListView.swift */ = {isa = PBXFileReference; lastKnownFileType = sourcecode.swift; path = TrainingsListView.swift; sourceTree = "<group>"; };
		8C427C8E244F27DD00A61D51 /* HistoryView.swift */ = {isa = PBXFileReference; lastKnownFileType = sourcecode.swift; path = HistoryView.swift; sourceTree = "<group>"; };
		8C427C90244F2E2100A61D51 /* Training.swift */ = {isa = PBXFileReference; lastKnownFileType = sourcecode.swift; path = Training.swift; sourceTree = "<group>"; };
		8C427C9F244F9E3700A61D51 /* TrainingMenuView.swift */ = {isa = PBXFileReference; lastKnownFileType = sourcecode.swift; path = TrainingMenuView.swift; sourceTree = "<group>"; };
		8CA2FD65246825EA00AA8F89 /* ExerciseEstimator.swift */ = {isa = PBXFileReference; lastKnownFileType = sourcecode.swift; path = ExerciseEstimator.swift; sourceTree = "<group>"; };
		8CA2FD6724682D7E00AA8F89 /* HeadRelatedPose.swift */ = {isa = PBXFileReference; lastKnownFileType = sourcecode.swift; path = HeadRelatedPose.swift; sourceTree = "<group>"; };
		8C509289246C33A0001ED642 /* PoseNetMobileNet100S16FP16.mlmodel */ = {isa = PBXFileReference; lastKnownFileType = file.mlmodel; path = PoseNetMobileNet100S16FP16.mlmodel; sourceTree = "<group>"; };
		8CA2FD54246823CA00AA8F89 /* PoseCD+CoreDataClass.swift */ = {isa = PBXFileReference; lastKnownFileType = sourcecode.swift; path = "PoseCD+CoreDataClass.swift"; sourceTree = "<group>"; };
		8CA2FD55246823CA00AA8F89 /* PoseCD+CoreDataProperties.swift */ = {isa = PBXFileReference; lastKnownFileType = sourcecode.swift; path = "PoseCD+CoreDataProperties.swift"; sourceTree = "<group>"; };
		8CA2FD56246823CA00AA8F89 /* PositionCD+CoreDataClass.swift */ = {isa = PBXFileReference; lastKnownFileType = sourcecode.swift; path = "PositionCD+CoreDataClass.swift"; sourceTree = "<group>"; };
		8CA2FD57246823CA00AA8F89 /* PositionCD+CoreDataProperties.swift */ = {isa = PBXFileReference; lastKnownFileType = sourcecode.swift; path = "PositionCD+CoreDataProperties.swift"; sourceTree = "<group>"; };
		8CA2FD58246823CA00AA8F89 /* TrainingCD+CoreDataClass.swift */ = {isa = PBXFileReference; lastKnownFileType = sourcecode.swift; path = "TrainingCD+CoreDataClass.swift"; sourceTree = "<group>"; };
		8CA2FD59246823CA00AA8F89 /* TrainingCD+CoreDataProperties.swift */ = {isa = PBXFileReference; lastKnownFileType = sourcecode.swift; path = "TrainingCD+CoreDataProperties.swift"; sourceTree = "<group>"; };
		8CA2FD5A246823CA00AA8F89 /* ExerciseCD+CoreDataClass.swift */ = {isa = PBXFileReference; lastKnownFileType = sourcecode.swift; path = "ExerciseCD+CoreDataClass.swift"; sourceTree = "<group>"; };
		8CA2FD5B246823CA00AA8F89 /* ExerciseCD+CoreDataProperties.swift */ = {isa = PBXFileReference; lastKnownFileType = sourcecode.swift; path = "ExerciseCD+CoreDataProperties.swift"; sourceTree = "<group>"; };
		8CA2FD65246825EA00AA8F89 /* Trainer.swift */ = {isa = PBXFileReference; lastKnownFileType = sourcecode.swift; path = Trainer.swift; sourceTree = "<group>"; };
		8CA2FD6724682D7E00AA8F89 /* SimplePose.swift */ = {isa = PBXFileReference; lastKnownFileType = sourcecode.swift; path = SimplePose.swift; sourceTree = "<group>"; };
		8CC8AA492462D7EB00D07D25 /* CountdownView.swift */ = {isa = PBXFileReference; lastKnownFileType = sourcecode.swift; path = CountdownView.swift; sourceTree = "<group>"; };
		8CC8AA4B2462EE9600D07D25 /* TrainingView.swift */ = {isa = PBXFileReference; lastKnownFileType = sourcecode.swift; path = TrainingView.swift; sourceTree = "<group>"; };
		8CC8AA4D2462FEFF00D07D25 /* TrainingViewModel.swift */ = {isa = PBXFileReference; lastKnownFileType = sourcecode.swift; path = TrainingViewModel.swift; sourceTree = "<group>"; };
		8CC8AA4F2462FF2700D07D25 /* ExerciseViewModel.swift */ = {isa = PBXFileReference; lastKnownFileType = sourcecode.swift; path = ExerciseViewModel.swift; sourceTree = "<group>"; };
		8CF8A815244E3D3A004CB2C6 /* Physio.app */ = {isa = PBXFileReference; explicitFileType = wrapper.application; includeInIndex = 0; path = Physio.app; sourceTree = BUILT_PRODUCTS_DIR; };
		8CF8A818244E3D3A004CB2C6 /* AppDelegate.swift */ = {isa = PBXFileReference; lastKnownFileType = sourcecode.swift; path = AppDelegate.swift; sourceTree = "<group>"; };
		8CF8A81A244E3D3A004CB2C6 /* SceneDelegate.swift */ = {isa = PBXFileReference; lastKnownFileType = sourcecode.swift; path = SceneDelegate.swift; sourceTree = "<group>"; };
		8CF8A81C244E3D3A004CB2C6 /* ContentView.swift */ = {isa = PBXFileReference; lastKnownFileType = sourcecode.swift; path = ContentView.swift; sourceTree = "<group>"; };
		8CF8A81E244E3D3F004CB2C6 /* Assets.xcassets */ = {isa = PBXFileReference; lastKnownFileType = folder.assetcatalog; path = Assets.xcassets; sourceTree = "<group>"; };
		8CF8A821244E3D3F004CB2C6 /* Preview Assets.xcassets */ = {isa = PBXFileReference; lastKnownFileType = folder.assetcatalog; path = "Preview Assets.xcassets"; sourceTree = "<group>"; };
		8CF8A824244E3D3F004CB2C6 /* Base */ = {isa = PBXFileReference; lastKnownFileType = file.storyboard; name = Base; path = Base.lproj/LaunchScreen.storyboard; sourceTree = "<group>"; };
		8CF8A826244E3D3F004CB2C6 /* Info.plist */ = {isa = PBXFileReference; lastKnownFileType = text.plist.xml; path = Info.plist; sourceTree = "<group>"; };
		F1BE7A967A9C3717F65E3CEC /* Pods_RehabilitationAssistant.framework */ = {isa = PBXFileReference; explicitFileType = wrapper.framework; includeInIndex = 0; path = Pods_RehabilitationAssistant.framework; sourceTree = BUILT_PRODUCTS_DIR; };
/* End PBXFileReference section */

/* Begin PBXFrameworksBuildPhase section */
		8CF8A812244E3D3A004CB2C6 /* Frameworks */ = {
			isa = PBXFrameworksBuildPhase;
			buildActionMask = 2147483647;
			files = (
				6A4D0FECDB7C8E135C5FA76A /* Pods_RehabilitationAssistant.framework in Frameworks */,
			);
			runOnlyForDeploymentPostprocessing = 0;
		};
/* End PBXFrameworksBuildPhase section */

/* Begin PBXGroup section */
		6150A6F761D5B6246FC30F0F /* Frameworks */ = {
			isa = PBXGroup;
			children = (
				F1BE7A967A9C3717F65E3CEC /* Pods_RehabilitationAssistant.framework */,
			);
			name = Frameworks;
			sourceTree = "<group>";
		};
		8C35A0022454649D007DE5BC /* Extensions+Types */ = {
			isa = PBXGroup;
			children = (
				8C35A0032454649D007DE5BC /* CGPoint+Extension.swift */,
				8C35A0042454649D007DE5BC /* CGImage+Extension.swift */,
			);
			path = "Extensions+Types";
			sourceTree = "<group>";
		};
		8C35A007245464C7007DE5BC /* Pose */ = {
			isa = PBXGroup;
			children = (
				8C359FFE24546077007DE5BC /* Pose.swift */,
				8C35A00024546120007DE5BC /* Joint.swift */,
				8C35A008245464FB007DE5BC /* PoseBuilder.swift */,
				8C35A00A24546542007DE5BC /* PoseBuilderConfiguration.swift */,
			);
			path = Pose;
			sourceTree = "<group>";
		};
		8C35A00E24549AC4007DE5BC /* PoseNet */ = {
			isa = PBXGroup;
			children = (
				8C50928B246C34FA001ED642 /* MLmodels */,
				8C359FF624545CF5007DE5BC /* PoseNet.swift */,
				8C359FF824545D2C007DE5BC /* PoseNetInput.swift */,
				8C359FFA24545D35007DE5BC /* PoseNetOutput.swift */,
			);
			path = PoseNet;
			sourceTree = "<group>";
		};
		8C35DFE624522F9C00C7F83C /* Utils */ = {
			isa = PBXGroup;
			children = (
				8C35DFE724522F9C00C7F83C /* AVCaptureVideoOrientation+Extension.swift */,
				8C35DFE824522F9C00C7F83C /* VideoCapture.swift */,
			);
			path = Utils;
			sourceTree = "<group>";
		};
		8C35DFF02452396000C7F83C /* Controllers */ = {
			isa = PBXGroup;
			children = (
				8CA2FD65246825EA00AA8F89 /* ExerciseEstimator.swift */,
				8C35DFF124523A3500C7F83C /* PoseSmoother.swift */,
				8C35DFF52453341A00C7F83C /* VisionController.swift */,
				1C89EFB82469A20700C9BE93 /* ExerciseQualifier.swift */,
			);
			path = Controllers;
			sourceTree = "<group>";
		};
		8C427C9D244F902F00A61D51 /* Views */ = {
			isa = PBXGroup;
			children = (
				8C427C8C244F27C800A61D51 /* TrainingsListView.swift */,
				8C427C9F244F9E3700A61D51 /* TrainingMenuView.swift */,
				8C35DFE42451B10000C7F83C /* TrainingViewManager.swift */,
				8CC8AA4B2462EE9600D07D25 /* TrainingView.swift */,
				8C3BEAAF24659EDA0070F417 /* TrainingFinished.swift */,
				8CC8AA492462D7EB00D07D25 /* CountdownView.swift */,
				8C35DFE0245089F900C7F83C /* ExercisesListView.swift */,
				8C427C8E244F27DD00A61D51 /* HistoryView.swift */,
				8C35DFED245234C300C7F83C /* CameraView.swift */,
				8C35A00C24546789007DE5BC /* PoseImageView.swift */,
			);
			path = Views;
			sourceTree = "<group>";
		};
		8C427C9E244F909700A61D51 /* Models */ = {
			isa = PBXGroup;
			children = (
				8C35A00E24549AC4007DE5BC /* PoseNet */,
				8C427C90244F2E2100A61D51 /* Training.swift */,
				8C35DFE224508A6300C7F83C /* Exercise.swift */,
				8CA2FD6724682D7E00AA8F89 /* HeadRelatedPose.swift */,
				1C89EFB62469884700C9BE93 /* Head.swift */,
			);
			path = Models;
			sourceTree = "<group>";
		};
		8C50928B246C34FA001ED642 /* MLmodels */ = {
			isa = PBXGroup;
			children = (
				8C509289246C33A0001ED642 /* PoseNetMobileNet100S16FP16.mlmodel */,
				8C359FFC24545DCD007DE5BC /* PoseNetMobileNet075S16FP16.mlmodel */,
			);
			path = MLmodels;
			sourceTree = "<group>";
		};
		8CA037A72464375900B1ECE8 /* ViewModels */ = {
			isa = PBXGroup;
			children = (
				8CC8AA4D2462FEFF00D07D25 /* TrainingViewModel.swift */,
				8CC8AA4F2462FF2700D07D25 /* ExerciseViewModel.swift */,
			);
			path = ViewModels;
			sourceTree = "<group>";
		};
		8CF8A80C244E3D3A004CB2C6 = {
			isa = PBXGroup;
			children = (
				8CF8A817244E3D3A004CB2C6 /* RehabilitationAssistant */,
				8CF8A816244E3D3A004CB2C6 /* Products */,
				D93A9E972BDA02679B55DD17 /* Pods */,
				6150A6F761D5B6246FC30F0F /* Frameworks */,
			);
			sourceTree = "<group>";
		};
		8CF8A816244E3D3A004CB2C6 /* Products */ = {
			isa = PBXGroup;
			children = (
				8CF8A815244E3D3A004CB2C6 /* Physio.app */,
			);
			name = Products;
			sourceTree = "<group>";
		};
		8CF8A817244E3D3A004CB2C6 /* RehabilitationAssistant */ = {
			isa = PBXGroup;
			children = (
				8C35A007245464C7007DE5BC /* Pose */,
				8C35A0022454649D007DE5BC /* Extensions+Types */,
				8C35DFE624522F9C00C7F83C /* Utils */,
				8C427C9E244F909700A61D51 /* Models */,
				8CA037A72464375900B1ECE8 /* ViewModels */,
				8C427C9D244F902F00A61D51 /* Views */,
				8C35DFF02452396000C7F83C /* Controllers */,
				8CF8A818244E3D3A004CB2C6 /* AppDelegate.swift */,
				8CF8A81A244E3D3A004CB2C6 /* SceneDelegate.swift */,
				8CF8A81C244E3D3A004CB2C6 /* ContentView.swift */,
				8CF8A81E244E3D3F004CB2C6 /* Assets.xcassets */,
				8CF8A823244E3D3F004CB2C6 /* LaunchScreen.storyboard */,
				8CF8A826244E3D3F004CB2C6 /* Info.plist */,
				8CF8A820244E3D3F004CB2C6 /* Preview Content */,
			);
			path = RehabilitationAssistant;
			sourceTree = "<group>";
		};
		8CF8A820244E3D3F004CB2C6 /* Preview Content */ = {
			isa = PBXGroup;
			children = (
				8CF8A821244E3D3F004CB2C6 /* Preview Assets.xcassets */,
			);
			path = "Preview Content";
			sourceTree = "<group>";
		};
		D93A9E972BDA02679B55DD17 /* Pods */ = {
			isa = PBXGroup;
			children = (
				7652E8DEC02657C85258082F /* Pods-RehabilitationAssistant.debug.xcconfig */,
				120039C90DB631C54B9A4654 /* Pods-RehabilitationAssistant.release.xcconfig */,
			);
			path = Pods;
			sourceTree = "<group>";
		};
/* End PBXGroup section */

/* Begin PBXNativeTarget section */
		8CF8A814244E3D3A004CB2C6 /* RehabilitationAssistant */ = {
			isa = PBXNativeTarget;
			buildConfigurationList = 8CF8A829244E3D3F004CB2C6 /* Build configuration list for PBXNativeTarget "RehabilitationAssistant" */;
			buildPhases = (
				6E76812D78103096AEE99505 /* [CP] Check Pods Manifest.lock */,
				8CF8A811244E3D3A004CB2C6 /* Sources */,
				8CF8A812244E3D3A004CB2C6 /* Frameworks */,
				8CF8A813244E3D3A004CB2C6 /* Resources */,
			);
			buildRules = (
			);
			dependencies = (
			);
			name = RehabilitationAssistant;
			productName = RehabilitationAssistant;
			productReference = 8CF8A815244E3D3A004CB2C6 /* Physio.app */;
			productType = "com.apple.product-type.application";
		};
/* End PBXNativeTarget section */

/* Begin PBXProject section */
		8CF8A80D244E3D3A004CB2C6 /* Project object */ = {
			isa = PBXProject;
			attributes = {
				LastSwiftUpdateCheck = 1140;
				LastUpgradeCheck = 1140;
				ORGANIZATIONNAME = "Jakub Gwóźdź";
				TargetAttributes = {
					8CF8A814244E3D3A004CB2C6 = {
						CreatedOnToolsVersion = 11.4.1;
					};
				};
			};
			buildConfigurationList = 8CF8A810244E3D3A004CB2C6 /* Build configuration list for PBXProject "RehabilitationAssistant" */;
			compatibilityVersion = "Xcode 9.3";
			developmentRegion = en;
			hasScannedForEncodings = 0;
			knownRegions = (
				en,
				Base,
			);
			mainGroup = 8CF8A80C244E3D3A004CB2C6;
			productRefGroup = 8CF8A816244E3D3A004CB2C6 /* Products */;
			projectDirPath = "";
			projectRoot = "";
			targets = (
				8CF8A814244E3D3A004CB2C6 /* RehabilitationAssistant */,
			);
		};
/* End PBXProject section */

/* Begin PBXResourcesBuildPhase section */
		8CF8A813244E3D3A004CB2C6 /* Resources */ = {
			isa = PBXResourcesBuildPhase;
			buildActionMask = 2147483647;
			files = (
				8CF8A825244E3D3F004CB2C6 /* LaunchScreen.storyboard in Resources */,
				8CF8A822244E3D3F004CB2C6 /* Preview Assets.xcassets in Resources */,
				8CF8A81F244E3D3F004CB2C6 /* Assets.xcassets in Resources */,
			);
			runOnlyForDeploymentPostprocessing = 0;
		};
/* End PBXResourcesBuildPhase section */

/* Begin PBXShellScriptBuildPhase section */
		6E76812D78103096AEE99505 /* [CP] Check Pods Manifest.lock */ = {
			isa = PBXShellScriptBuildPhase;
			buildActionMask = 2147483647;
			files = (
			);
			inputFileListPaths = (
			);
			inputPaths = (
				"${PODS_PODFILE_DIR_PATH}/Podfile.lock",
				"${PODS_ROOT}/Manifest.lock",
			);
			name = "[CP] Check Pods Manifest.lock";
			outputFileListPaths = (
			);
			outputPaths = (
				"$(DERIVED_FILE_DIR)/Pods-RehabilitationAssistant-checkManifestLockResult.txt",
			);
			runOnlyForDeploymentPostprocessing = 0;
			shellPath = /bin/sh;
			shellScript = "diff \"${PODS_PODFILE_DIR_PATH}/Podfile.lock\" \"${PODS_ROOT}/Manifest.lock\" > /dev/null\nif [ $? != 0 ] ; then\n    # print error to STDERR\n    echo \"error: The sandbox is not in sync with the Podfile.lock. Run 'pod install' or update your CocoaPods installation.\" >&2\n    exit 1\nfi\n# This output is used by Xcode 'outputs' to avoid re-running this script phase.\necho \"SUCCESS\" > \"${SCRIPT_OUTPUT_FILE_0}\"\n";
			showEnvVarsInLog = 0;
		};
/* End PBXShellScriptBuildPhase section */

/* Begin PBXSourcesBuildPhase section */
		8CF8A811244E3D3A004CB2C6 /* Sources */ = {
			isa = PBXSourcesBuildPhase;
			buildActionMask = 2147483647;
			files = (
				8C427C8D244F27C800A61D51 /* TrainingsListView.swift in Sources */,
				8CA2FD66246825EA00AA8F89 /* ExerciseEstimator.swift in Sources */,
				8C35DFEE245234C300C7F83C /* CameraView.swift in Sources */,
				8C35A009245464FB007DE5BC /* PoseBuilder.swift in Sources */,
				8C35DFF224523A3500C7F83C /* PoseSmoother.swift in Sources */,
				8C427C91244F2E2100A61D51 /* Training.swift in Sources */,
				8C35A00124546120007DE5BC /* Joint.swift in Sources */,
				8CC8AA502462FF2700D07D25 /* ExerciseViewModel.swift in Sources */,
				8C35DFE52451B10000C7F83C /* TrainingViewManager.swift in Sources */,
				8C35A00B24546542007DE5BC /* PoseBuilderConfiguration.swift in Sources */,
				8CF8A819244E3D3A004CB2C6 /* AppDelegate.swift in Sources */,
				8CC8AA4E2462FEFF00D07D25 /* TrainingViewModel.swift in Sources */,
				8C35DFEA24522F9C00C7F83C /* VideoCapture.swift in Sources */,
				8C427C8F244F27DD00A61D51 /* HistoryView.swift in Sources */,
				8C359FF924545D2C007DE5BC /* PoseNetInput.swift in Sources */,
				8CC8AA4C2462EE9600D07D25 /* TrainingView.swift in Sources */,
				8C359FF724545CF5007DE5BC /* PoseNet.swift in Sources */,
				8C35DFE924522F9C00C7F83C /* AVCaptureVideoOrientation+Extension.swift in Sources */,
				8C35DFE1245089F900C7F83C /* ExercisesListView.swift in Sources */,
				8C3BEAB024659EDA0070F417 /* TrainingFinished.swift in Sources */,
				8CF8A81B244E3D3A004CB2C6 /* SceneDelegate.swift in Sources */,
				8C427CA0244F9E3700A61D51 /* TrainingMenuView.swift in Sources */,
				8C359FFF24546077007DE5BC /* Pose.swift in Sources */,
				8CC8AA4A2462D7EB00D07D25 /* CountdownView.swift in Sources */,
				8C35A0052454649E007DE5BC /* CGPoint+Extension.swift in Sources */,
				8CA2FD6824682D7E00AA8F89 /* HeadRelatedPose.swift in Sources */,
				1C89EFB72469884700C9BE93 /* Head.swift in Sources */,
				1C89EFB92469A20700C9BE93 /* ExerciseQualifier.swift in Sources */,
				8C35DFF62453341A00C7F83C /* VisionController.swift in Sources */,
				8CA2FD5D246823CA00AA8F89 /* PoseCD+CoreDataProperties.swift in Sources */,
				8CA2FD63246823CA00AA8F89 /* ExerciseCD+CoreDataProperties.swift in Sources */,
				8C50928A246C33A0001ED642 /* PoseNetMobileNet100S16FP16.mlmodel in Sources */,
				8CF8A81D244E3D3A004CB2C6 /* ContentView.swift in Sources */,
				8C35DFE324508A6300C7F83C /* Exercise.swift in Sources */,
				8C359FFD24545DCD007DE5BC /* PoseNetMobileNet075S16FP16.mlmodel in Sources */,
				8C359FFB24545D35007DE5BC /* PoseNetOutput.swift in Sources */,
				8C35A0062454649E007DE5BC /* CGImage+Extension.swift in Sources */,
				8C35A00D24546789007DE5BC /* PoseImageView.swift in Sources */,
			);
			runOnlyForDeploymentPostprocessing = 0;
		};
/* End PBXSourcesBuildPhase section */

/* Begin PBXVariantGroup section */
		8CF8A823244E3D3F004CB2C6 /* LaunchScreen.storyboard */ = {
			isa = PBXVariantGroup;
			children = (
				8CF8A824244E3D3F004CB2C6 /* Base */,
			);
			name = LaunchScreen.storyboard;
			sourceTree = "<group>";
		};
/* End PBXVariantGroup section */

/* Begin XCBuildConfiguration section */
		8CF8A827244E3D3F004CB2C6 /* Debug */ = {
			isa = XCBuildConfiguration;
			buildSettings = {
				ALWAYS_SEARCH_USER_PATHS = NO;
				CLANG_ANALYZER_NONNULL = YES;
				CLANG_ANALYZER_NUMBER_OBJECT_CONVERSION = YES_AGGRESSIVE;
				CLANG_CXX_LANGUAGE_STANDARD = "gnu++14";
				CLANG_CXX_LIBRARY = "libc++";
				CLANG_ENABLE_MODULES = YES;
				CLANG_ENABLE_OBJC_ARC = YES;
				CLANG_ENABLE_OBJC_WEAK = YES;
				CLANG_WARN_BLOCK_CAPTURE_AUTORELEASING = YES;
				CLANG_WARN_BOOL_CONVERSION = YES;
				CLANG_WARN_COMMA = YES;
				CLANG_WARN_CONSTANT_CONVERSION = YES;
				CLANG_WARN_DEPRECATED_OBJC_IMPLEMENTATIONS = YES;
				CLANG_WARN_DIRECT_OBJC_ISA_USAGE = YES_ERROR;
				CLANG_WARN_DOCUMENTATION_COMMENTS = YES;
				CLANG_WARN_EMPTY_BODY = YES;
				CLANG_WARN_ENUM_CONVERSION = YES;
				CLANG_WARN_INFINITE_RECURSION = YES;
				CLANG_WARN_INT_CONVERSION = YES;
				CLANG_WARN_NON_LITERAL_NULL_CONVERSION = YES;
				CLANG_WARN_OBJC_IMPLICIT_RETAIN_SELF = YES;
				CLANG_WARN_OBJC_LITERAL_CONVERSION = YES;
				CLANG_WARN_OBJC_ROOT_CLASS = YES_ERROR;
				CLANG_WARN_RANGE_LOOP_ANALYSIS = YES;
				CLANG_WARN_STRICT_PROTOTYPES = YES;
				CLANG_WARN_SUSPICIOUS_MOVE = YES;
				CLANG_WARN_UNGUARDED_AVAILABILITY = YES_AGGRESSIVE;
				CLANG_WARN_UNREACHABLE_CODE = YES;
				CLANG_WARN__DUPLICATE_METHOD_MATCH = YES;
				COPY_PHASE_STRIP = NO;
				DEBUG_INFORMATION_FORMAT = dwarf;
				ENABLE_STRICT_OBJC_MSGSEND = YES;
				ENABLE_TESTABILITY = YES;
				GCC_C_LANGUAGE_STANDARD = gnu11;
				GCC_DYNAMIC_NO_PIC = NO;
				GCC_NO_COMMON_BLOCKS = YES;
				GCC_OPTIMIZATION_LEVEL = 0;
				GCC_PREPROCESSOR_DEFINITIONS = (
					"DEBUG=1",
					"$(inherited)",
				);
				GCC_WARN_64_TO_32_BIT_CONVERSION = YES;
				GCC_WARN_ABOUT_RETURN_TYPE = YES_ERROR;
				GCC_WARN_UNDECLARED_SELECTOR = YES;
				GCC_WARN_UNINITIALIZED_AUTOS = YES_AGGRESSIVE;
				GCC_WARN_UNUSED_FUNCTION = YES;
				GCC_WARN_UNUSED_VARIABLE = YES;
				IPHONEOS_DEPLOYMENT_TARGET = 13.4;
				MTL_ENABLE_DEBUG_INFO = INCLUDE_SOURCE;
				MTL_FAST_MATH = YES;
				ONLY_ACTIVE_ARCH = YES;
				SDKROOT = iphoneos;
				SWIFT_ACTIVE_COMPILATION_CONDITIONS = DEBUG;
				SWIFT_OPTIMIZATION_LEVEL = "-Onone";
			};
			name = Debug;
		};
		8CF8A828244E3D3F004CB2C6 /* Release */ = {
			isa = XCBuildConfiguration;
			buildSettings = {
				ALWAYS_SEARCH_USER_PATHS = NO;
				CLANG_ANALYZER_NONNULL = YES;
				CLANG_ANALYZER_NUMBER_OBJECT_CONVERSION = YES_AGGRESSIVE;
				CLANG_CXX_LANGUAGE_STANDARD = "gnu++14";
				CLANG_CXX_LIBRARY = "libc++";
				CLANG_ENABLE_MODULES = YES;
				CLANG_ENABLE_OBJC_ARC = YES;
				CLANG_ENABLE_OBJC_WEAK = YES;
				CLANG_WARN_BLOCK_CAPTURE_AUTORELEASING = YES;
				CLANG_WARN_BOOL_CONVERSION = YES;
				CLANG_WARN_COMMA = YES;
				CLANG_WARN_CONSTANT_CONVERSION = YES;
				CLANG_WARN_DEPRECATED_OBJC_IMPLEMENTATIONS = YES;
				CLANG_WARN_DIRECT_OBJC_ISA_USAGE = YES_ERROR;
				CLANG_WARN_DOCUMENTATION_COMMENTS = YES;
				CLANG_WARN_EMPTY_BODY = YES;
				CLANG_WARN_ENUM_CONVERSION = YES;
				CLANG_WARN_INFINITE_RECURSION = YES;
				CLANG_WARN_INT_CONVERSION = YES;
				CLANG_WARN_NON_LITERAL_NULL_CONVERSION = YES;
				CLANG_WARN_OBJC_IMPLICIT_RETAIN_SELF = YES;
				CLANG_WARN_OBJC_LITERAL_CONVERSION = YES;
				CLANG_WARN_OBJC_ROOT_CLASS = YES_ERROR;
				CLANG_WARN_RANGE_LOOP_ANALYSIS = YES;
				CLANG_WARN_STRICT_PROTOTYPES = YES;
				CLANG_WARN_SUSPICIOUS_MOVE = YES;
				CLANG_WARN_UNGUARDED_AVAILABILITY = YES_AGGRESSIVE;
				CLANG_WARN_UNREACHABLE_CODE = YES;
				CLANG_WARN__DUPLICATE_METHOD_MATCH = YES;
				COPY_PHASE_STRIP = NO;
				DEBUG_INFORMATION_FORMAT = "dwarf-with-dsym";
				ENABLE_NS_ASSERTIONS = NO;
				ENABLE_STRICT_OBJC_MSGSEND = YES;
				GCC_C_LANGUAGE_STANDARD = gnu11;
				GCC_NO_COMMON_BLOCKS = YES;
				GCC_WARN_64_TO_32_BIT_CONVERSION = YES;
				GCC_WARN_ABOUT_RETURN_TYPE = YES_ERROR;
				GCC_WARN_UNDECLARED_SELECTOR = YES;
				GCC_WARN_UNINITIALIZED_AUTOS = YES_AGGRESSIVE;
				GCC_WARN_UNUSED_FUNCTION = YES;
				GCC_WARN_UNUSED_VARIABLE = YES;
				IPHONEOS_DEPLOYMENT_TARGET = 13.4;
				MTL_ENABLE_DEBUG_INFO = NO;
				MTL_FAST_MATH = YES;
				SDKROOT = iphoneos;
				SWIFT_COMPILATION_MODE = wholemodule;
				SWIFT_OPTIMIZATION_LEVEL = "-O";
				VALIDATE_PRODUCT = YES;
			};
			name = Release;
		};
		8CF8A82A244E3D3F004CB2C6 /* Debug */ = {
			isa = XCBuildConfiguration;
			baseConfigurationReference = 7652E8DEC02657C85258082F /* Pods-RehabilitationAssistant.debug.xcconfig */;
			buildSettings = {
				ASSETCATALOG_COMPILER_APPICON_NAME = AppIcon;
				CODE_SIGN_STYLE = Automatic;
				DEVELOPMENT_ASSET_PATHS = "\"RehabilitationAssistant/Preview Content\"";
				DEVELOPMENT_TEAM = YP2KWKB9K2;
				ENABLE_PREVIEWS = YES;
				INFOPLIST_FILE = RehabilitationAssistant/Info.plist;
				LD_RUNPATH_SEARCH_PATHS = (
					"$(inherited)",
					"@executable_path/Frameworks",
				);
				PRODUCT_BUNDLE_IDENTIFIER = AGH.RehabilitationAssistantJZ;
				PRODUCT_NAME = Physio;
				SWIFT_VERSION = 5.0;
				TARGETED_DEVICE_FAMILY = "1,2";
			};
			name = Debug;
		};
		8CF8A82B244E3D3F004CB2C6 /* Release */ = {
			isa = XCBuildConfiguration;
			baseConfigurationReference = 120039C90DB631C54B9A4654 /* Pods-RehabilitationAssistant.release.xcconfig */;
			buildSettings = {
				ASSETCATALOG_COMPILER_APPICON_NAME = AppIcon;
				CODE_SIGN_STYLE = Automatic;
				DEVELOPMENT_ASSET_PATHS = "\"RehabilitationAssistant/Preview Content\"";
				DEVELOPMENT_TEAM = YP2KWKB9K2;
				ENABLE_PREVIEWS = YES;
				INFOPLIST_FILE = RehabilitationAssistant/Info.plist;
				LD_RUNPATH_SEARCH_PATHS = (
					"$(inherited)",
					"@executable_path/Frameworks",
				);
				PRODUCT_BUNDLE_IDENTIFIER = AGH.RehabilitationAssistantJZ;
				PRODUCT_NAME = Physio;
				SWIFT_VERSION = 5.0;
				TARGETED_DEVICE_FAMILY = "1,2";
			};
			name = Release;
		};
/* End XCBuildConfiguration section */

/* Begin XCConfigurationList section */
		8CF8A810244E3D3A004CB2C6 /* Build configuration list for PBXProject "RehabilitationAssistant" */ = {
			isa = XCConfigurationList;
			buildConfigurations = (
				8CF8A827244E3D3F004CB2C6 /* Debug */,
				8CF8A828244E3D3F004CB2C6 /* Release */,
			);
			defaultConfigurationIsVisible = 0;
			defaultConfigurationName = Release;
		};
		8CF8A829244E3D3F004CB2C6 /* Build configuration list for PBXNativeTarget "RehabilitationAssistant" */ = {
			isa = XCConfigurationList;
			buildConfigurations = (
				8CF8A82A244E3D3F004CB2C6 /* Debug */,
				8CF8A82B244E3D3F004CB2C6 /* Release */,
			);
			defaultConfigurationIsVisible = 0;
			defaultConfigurationName = Release;
		};
/* End XCConfigurationList section */
	};
	rootObject = 8CF8A80D244E3D3A004CB2C6 /* Project object */;
}
